
Microsoft Visual Studio Solution File, Format Version 12.00
# Visual Studio Version 17
VisualStudioVersion = 17.9.34714.143
MinimumVisualStudioVersion = 10.0.40219.1
Project("{FAE04EC0-301F-11D3-BF4B-00C04F79EFBC}") = "DogLib", "DogLib\DogLib.csproj", "{1AEC0B35-183F-4AF4-91F8-9E7A5A9DDA47}"
EndProject
Project("{FAE04EC0-301F-11D3-BF4B-00C04F79EFBC}") = "DogLibTests", "DogLibTests\DogLibTests.csproj", "{641CC156-FCAA-4594-BB45-0C19D2A7B67E}"
EndProject
Global
	GlobalSection(SolutionConfigurationPlatforms) = preSolution
		Debug|Any CPU = Debug|Any CPU
		Release|Any CPU = Release|Any CPU
	EndGlobalSection
	GlobalSection(ProjectConfigurationPlatforms) = postSolution
		{1AEC0B35-183F-4AF4-91F8-9E7A5A9DDA47}.Debug|Any CPU.ActiveCfg = Debug|Any CPU
		{1AEC0B35-183F-4AF4-91F8-9E7A5A9DDA47}.Debug|Any CPU.Build.0 = Debug|Any CPU
		{1AEC0B35-183F-4AF4-91F8-9E7A5A9DDA47}.Release|Any CPU.ActiveCfg = Release|Any CPU
		{1AEC0B35-183F-4AF4-91F8-9E7A5A9DDA47}.Release|Any CPU.Build.0 = Release|Any CPU
		{641CC156-FCAA-4594-BB45-0C19D2A7B67E}.Debug|Any CPU.ActiveCfg = Debug|Any CPU
		{641CC156-FCAA-4594-BB45-0C19D2A7B67E}.Debug|Any CPU.Build.0 = Debug|Any CPU
		{641CC156-FCAA-4594-BB45-0C19D2A7B67E}.Release|Any CPU.ActiveCfg = Release|Any CPU
		{641CC156-FCAA-4594-BB45-0C19D2A7B67E}.Release|Any CPU.Build.0 = Release|Any CPU
	EndGlobalSection
	GlobalSection(SolutionProperties) = preSolution
		HideSolutionNode = FALSE
	EndGlobalSection
	GlobalSection(ExtensibilityGlobals) = postSolution
		SolutionGuid = {0D7FE83F-33AB-4826-8D01-072FDCB93537}
	EndGlobalSection
EndGlobal
